// !$*UTF8*$!
{
	archiveVersion = 1;
	classes = {
	};
	objectVersion = 46;
	objects = {

/* Begin PBXBuildFile section */
		EA2A9F2F16174E7300266743 /* UIKit.framework in Frameworks */ = {isa = PBXBuildFile; fileRef = EA2A9F2E16174E7300266743 /* UIKit.framework */; };
		EA2A9F3116174E7300266743 /* Foundation.framework in Frameworks */ = {isa = PBXBuildFile; fileRef = EA2A9F3016174E7300266743 /* Foundation.framework */; };
		EA2A9F3316174E7300266743 /* CoreGraphics.framework in Frameworks */ = {isa = PBXBuildFile; fileRef = EA2A9F3216174E7300266743 /* CoreGraphics.framework */; };
		EA2A9F3916174E7300266743 /* InfoPlist.strings in Resources */ = {isa = PBXBuildFile; fileRef = EA2A9F3716174E7300266743 /* InfoPlist.strings */; };
		EA2A9F3B16174E7300266743 /* main.m in Sources */ = {isa = PBXBuildFile; fileRef = EA2A9F3A16174E7300266743 /* main.m */; };
		EA2A9F3F16174E7300266743 /* JoeAppDelegate.m in Sources */ = {isa = PBXBuildFile; fileRef = EA2A9F3E16174E7300266743 /* JoeAppDelegate.m */; };
		EA2A9F4216174E7300266743 /* MainStoryboard.storyboard in Resources */ = {isa = PBXBuildFile; fileRef = EA2A9F4016174E7300266743 /* MainStoryboard.storyboard */; };
		EA2A9F4516174E7300266743 /* JoeMainViewController.m in Sources */ = {isa = PBXBuildFile; fileRef = EA2A9F4416174E7300266743 /* JoeMainViewController.m */; };
		EA2A9F4816174E7300266743 /* JoeFlipsideViewController.m in Sources */ = {isa = PBXBuildFile; fileRef = EA2A9F4716174E7300266743 /* JoeFlipsideViewController.m */; };
		EA2A9F5016174E7400266743 /* SenTestingKit.framework in Frameworks */ = {isa = PBXBuildFile; fileRef = EA2A9F4F16174E7400266743 /* SenTestingKit.framework */; };
		EA2A9F5116174E7400266743 /* UIKit.framework in Frameworks */ = {isa = PBXBuildFile; fileRef = EA2A9F2E16174E7300266743 /* UIKit.framework */; };
		EA2A9F5216174E7400266743 /* Foundation.framework in Frameworks */ = {isa = PBXBuildFile; fileRef = EA2A9F3016174E7300266743 /* Foundation.framework */; };
		EA2A9F5A16174E7400266743 /* InfoPlist.strings in Resources */ = {isa = PBXBuildFile; fileRef = EA2A9F5816174E7400266743 /* InfoPlist.strings */; };
		EA2A9F5D16174E7400266743 /* Dice3Tests.m in Sources */ = {isa = PBXBuildFile; fileRef = EA2A9F5C16174E7400266743 /* Dice3Tests.m */; };
/* End PBXBuildFile section */

/* Begin PBXContainerItemProxy section */
		EA2A9F5316174E7400266743 /* PBXContainerItemProxy */ = {
			isa = PBXContainerItemProxy;
			containerPortal = EA2A9F2116174E7300266743 /* Project object */;
			proxyType = 1;
			remoteGlobalIDString = EA2A9F2916174E7300266743;
			remoteInfo = Dice3;
		};
/* End PBXContainerItemProxy section */

/* Begin PBXFileReference section */
		EA2A9F2A16174E7300266743 /* Dice3.app */ = {isa = PBXFileReference; explicitFileType = wrapper.application; includeInIndex = 0; path = Dice3.app; sourceTree = BUILT_PRODUCTS_DIR; };
		EA2A9F2E16174E7300266743 /* UIKit.framework */ = {isa = PBXFileReference; lastKnownFileType = wrapper.framework; name = UIKit.framework; path = System/Library/Frameworks/UIKit.framework; sourceTree = SDKROOT; };
		EA2A9F3016174E7300266743 /* Foundation.framework */ = {isa = PBXFileReference; lastKnownFileType = wrapper.framework; name = Foundation.framework; path = System/Library/Frameworks/Foundation.framework; sourceTree = SDKROOT; };
		EA2A9F3216174E7300266743 /* CoreGraphics.framework */ = {isa = PBXFileReference; lastKnownFileType = wrapper.framework; name = CoreGraphics.framework; path = System/Library/Frameworks/CoreGraphics.framework; sourceTree = SDKROOT; };
		EA2A9F3616174E7300266743 /* Dice3-Info.plist */ = {isa = PBXFileReference; lastKnownFileType = text.plist.xml; path = "Dice3-Info.plist"; sourceTree = "<group>"; };
		EA2A9F3816174E7300266743 /* en */ = {isa = PBXFileReference; lastKnownFileType = text.plist.strings; name = en; path = en.lproj/InfoPlist.strings; sourceTree = "<group>"; };
		EA2A9F3A16174E7300266743 /* main.m */ = {isa = PBXFileReference; lastKnownFileType = sourcecode.c.objc; path = main.m; sourceTree = "<group>"; };
		EA2A9F3C16174E7300266743 /* Dice3-Prefix.pch */ = {isa = PBXFileReference; lastKnownFileType = sourcecode.c.h; path = "Dice3-Prefix.pch"; sourceTree = "<group>"; };
		EA2A9F3D16174E7300266743 /* JoeAppDelegate.h */ = {isa = PBXFileReference; lastKnownFileType = sourcecode.c.h; path = JoeAppDelegate.h; sourceTree = "<group>"; };
		EA2A9F3E16174E7300266743 /* JoeAppDelegate.m */ = {isa = PBXFileReference; lastKnownFileType = sourcecode.c.objc; path = JoeAppDelegate.m; sourceTree = "<group>"; };
		EA2A9F4116174E7300266743 /* en */ = {isa = PBXFileReference; lastKnownFileType = file.storyboard; name = en; path = en.lproj/MainStoryboard.storyboard; sourceTree = "<group>"; };
		EA2A9F4316174E7300266743 /* JoeMainViewController.h */ = {isa = PBXFileReference; lastKnownFileType = sourcecode.c.h; path = JoeMainViewController.h; sourceTree = "<group>"; };
		EA2A9F4416174E7300266743 /* JoeMainViewController.m */ = {isa = PBXFileReference; lastKnownFileType = sourcecode.c.objc; path = JoeMainViewController.m; sourceTree = "<group>"; };
		EA2A9F4616174E7300266743 /* JoeFlipsideViewController.h */ = {isa = PBXFileReference; lastKnownFileType = sourcecode.c.h; path = JoeFlipsideViewController.h; sourceTree = "<group>"; };
		EA2A9F4716174E7300266743 /* JoeFlipsideViewController.m */ = {isa = PBXFileReference; lastKnownFileType = sourcecode.c.objc; path = JoeFlipsideViewController.m; sourceTree = "<group>"; };
		EA2A9F4E16174E7400266743 /* Dice3Tests.octest */ = {isa = PBXFileReference; explicitFileType = wrapper.cfbundle; includeInIndex = 0; path = Dice3Tests.octest; sourceTree = BUILT_PRODUCTS_DIR; };
		EA2A9F4F16174E7400266743 /* SenTestingKit.framework */ = {isa = PBXFileReference; lastKnownFileType = wrapper.framework; name = SenTestingKit.framework; path = Library/Frameworks/SenTestingKit.framework; sourceTree = DEVELOPER_DIR; };
		EA2A9F5716174E7400266743 /* Dice3Tests-Info.plist */ = {isa = PBXFileReference; lastKnownFileType = text.plist.xml; path = "Dice3Tests-Info.plist"; sourceTree = "<group>"; };
		EA2A9F5916174E7400266743 /* en */ = {isa = PBXFileReference; lastKnownFileType = text.plist.strings; name = en; path = en.lproj/InfoPlist.strings; sourceTree = "<group>"; };
		EA2A9F5B16174E7400266743 /* Dice3Tests.h */ = {isa = PBXFileReference; lastKnownFileType = sourcecode.c.h; path = Dice3Tests.h; sourceTree = "<group>"; };
		EA2A9F5C16174E7400266743 /* Dice3Tests.m */ = {isa = PBXFileReference; lastKnownFileType = sourcecode.c.objc; path = Dice3Tests.m; sourceTree = "<group>"; };
/* End PBXFileReference section */

/* Begin PBXFrameworksBuildPhase section */
		EA2A9F2716174E7300266743 /* Frameworks */ = {
			isa = PBXFrameworksBuildPhase;
			buildActionMask = 2147483647;
			files = (
				EA2A9F2F16174E7300266743 /* UIKit.framework in Frameworks */,
				EA2A9F3116174E7300266743 /* Foundation.framework in Frameworks */,
				EA2A9F3316174E7300266743 /* CoreGraphics.framework in Frameworks */,
			);
			runOnlyForDeploymentPostprocessing = 0;
		};
		EA2A9F4A16174E7400266743 /* Frameworks */ = {
			isa = PBXFrameworksBuildPhase;
			buildActionMask = 2147483647;
			files = (
				EA2A9F5016174E7400266743 /* SenTestingKit.framework in Frameworks */,
				EA2A9F5116174E7400266743 /* UIKit.framework in Frameworks */,
				EA2A9F5216174E7400266743 /* Foundation.framework in Frameworks */,
			);
			runOnlyForDeploymentPostprocessing = 0;
		};
/* End PBXFrameworksBuildPhase section */

/* Begin PBXGroup section */
		EA2A9F1F16174E7300266743 = {
			isa = PBXGroup;
			children = (
				EA2A9F3416174E7300266743 /* Dice3 */,
				EA2A9F5516174E7400266743 /* Dice3Tests */,
				EA2A9F2D16174E7300266743 /* Frameworks */,
				EA2A9F2B16174E7300266743 /* Products */,
			);
			sourceTree = "<group>";
		};
		EA2A9F2B16174E7300266743 /* Products */ = {
			isa = PBXGroup;
			children = (
				EA2A9F2A16174E7300266743 /* Dice3.app */,
				EA2A9F4E16174E7400266743 /* Dice3Tests.octest */,
			);
			name = Products;
			sourceTree = "<group>";
		};
		EA2A9F2D16174E7300266743 /* Frameworks */ = {
			isa = PBXGroup;
			children = (
				EA2A9F2E16174E7300266743 /* UIKit.framework */,
				EA2A9F3016174E7300266743 /* Foundation.framework */,
				EA2A9F3216174E7300266743 /* CoreGraphics.framework */,
				EA2A9F4F16174E7400266743 /* SenTestingKit.framework */,
			);
			name = Frameworks;
			sourceTree = "<group>";
		};
		EA2A9F3416174E7300266743 /* Dice3 */ = {
			isa = PBXGroup;
			children = (
				EA2A9F3D16174E7300266743 /* JoeAppDelegate.h */,
				EA2A9F3E16174E7300266743 /* JoeAppDelegate.m */,
				EA2A9F4016174E7300266743 /* MainStoryboard.storyboard */,
				EA2A9F4316174E7300266743 /* JoeMainViewController.h */,
				EA2A9F4416174E7300266743 /* JoeMainViewController.m */,
				EA2A9F4616174E7300266743 /* JoeFlipsideViewController.h */,
				EA2A9F4716174E7300266743 /* JoeFlipsideViewController.m */,
				EA2A9F3516174E7300266743 /* Supporting Files */,
			);
			path = Dice3;
			sourceTree = "<group>";
		};
		EA2A9F3516174E7300266743 /* Supporting Files */ = {
			isa = PBXGroup;
			children = (
				EA2A9F3616174E7300266743 /* Dice3-Info.plist */,
				EA2A9F3716174E7300266743 /* InfoPlist.strings */,
				EA2A9F3A16174E7300266743 /* main.m */,
				EA2A9F3C16174E7300266743 /* Dice3-Prefix.pch */,
			);
			name = "Supporting Files";
			sourceTree = "<group>";
		};
		EA2A9F5516174E7400266743 /* Dice3Tests */ = {
			isa = PBXGroup;
			children = (
				EA2A9F5B16174E7400266743 /* Dice3Tests.h */,
				EA2A9F5C16174E7400266743 /* Dice3Tests.m */,
				EA2A9F5616174E7400266743 /* Supporting Files */,
			);
			path = Dice3Tests;
			sourceTree = "<group>";
		};
		EA2A9F5616174E7400266743 /* Supporting Files */ = {
			isa = PBXGroup;
			children = (
				EA2A9F5716174E7400266743 /* Dice3Tests-Info.plist */,
				EA2A9F5816174E7400266743 /* InfoPlist.strings */,
			);
			name = "Supporting Files";
			sourceTree = "<group>";
		};
/* End PBXGroup section */

/* Begin PBXNativeTarget section */
		EA2A9F2916174E7300266743 /* Dice3 */ = {
			isa = PBXNativeTarget;
			buildConfigurationList = EA2A9F6016174E7400266743 /* Build configuration list for PBXNativeTarget "Dice3" */;
			buildPhases = (
				EA2A9F2616174E7300266743 /* Sources */,
				EA2A9F2716174E7300266743 /* Frameworks */,
				EA2A9F2816174E7300266743 /* Resources */,
			);
			buildRules = (
			);
			dependencies = (
			);
			name = Dice3;
			productName = Dice3;
			productReference = EA2A9F2A16174E7300266743 /* Dice3.app */;
			productType = "com.apple.product-type.application";
		};
		EA2A9F4D16174E7400266743 /* Dice3Tests */ = {
			isa = PBXNativeTarget;
			buildConfigurationList = EA2A9F6316174E7400266743 /* Build configuration list for PBXNativeTarget "Dice3Tests" */;
			buildPhases = (
				EA2A9F4916174E7400266743 /* Sources */,
				EA2A9F4A16174E7400266743 /* Frameworks */,
				EA2A9F4B16174E7400266743 /* Resources */,
				EA2A9F4C16174E7400266743 /* ShellScript */,
			);
			buildRules = (
			);
			dependencies = (
				EA2A9F5416174E7400266743 /* PBXTargetDependency */,
			);
			name = Dice3Tests;
			productName = Dice3Tests;
			productReference = EA2A9F4E16174E7400266743 /* Dice3Tests.octest */;
			productType = "com.apple.product-type.bundle";
		};
/* End PBXNativeTarget section */

/* Begin PBXProject section */
		EA2A9F2116174E7300266743 /* Project object */ = {
			isa = PBXProject;
			attributes = {
				CLASSPREFIX = Joe;
				LastUpgradeCheck = 0440;
				ORGANIZATIONNAME = "Joseph Kung";
			};
			buildConfigurationList = EA2A9F2416174E7300266743 /* Build configuration list for PBXProject "Dice3" */;
			compatibilityVersion = "Xcode 3.2";
			developmentRegion = English;
			hasScannedForEncodings = 0;
			knownRegions = (
				en,
			);
			mainGroup = EA2A9F1F16174E7300266743;
			productRefGroup = EA2A9F2B16174E7300266743 /* Products */;
			projectDirPath = "";
			projectRoot = "";
			targets = (
				EA2A9F2916174E7300266743 /* Dice3 */,
				EA2A9F4D16174E7400266743 /* Dice3Tests */,
			);
		};
/* End PBXProject section */

/* Begin PBXResourcesBuildPhase section */
		EA2A9F2816174E7300266743 /* Resources */ = {
			isa = PBXResourcesBuildPhase;
			buildActionMask = 2147483647;
			files = (
				EA2A9F3916174E7300266743 /* InfoPlist.strings in Resources */,
				EA2A9F4216174E7300266743 /* MainStoryboard.storyboard in Resources */,
			);
			runOnlyForDeploymentPostprocessing = 0;
		};
		EA2A9F4B16174E7400266743 /* Resources */ = {
			isa = PBXResourcesBuildPhase;
			buildActionMask = 2147483647;
			files = (
				EA2A9F5A16174E7400266743 /* InfoPlist.strings in Resources */,
			);
			runOnlyForDeploymentPostprocessing = 0;
		};
/* End PBXResourcesBuildPhase section */

/* Begin PBXShellScriptBuildPhase section */
		EA2A9F4C16174E7400266743 /* ShellScript */ = {
			isa = PBXShellScriptBuildPhase;
			buildActionMask = 2147483647;
			files = (
			);
			inputPaths = (
			);
			outputPaths = (
			);
			runOnlyForDeploymentPostprocessing = 0;
			shellPath = /bin/sh;
			shellScript = "# Run the unit tests in this test bundle.\n\"${SYSTEM_DEVELOPER_DIR}/Tools/RunUnitTests\"\n";
		};
/* End PBXShellScriptBuildPhase section */

/* Begin PBXSourcesBuildPhase section */
		EA2A9F2616174E7300266743 /* Sources */ = {
			isa = PBXSourcesBuildPhase;
			buildActionMask = 2147483647;
			files = (
				EA2A9F3B16174E7300266743 /* main.m in Sources */,
				EA2A9F3F16174E7300266743 /* JoeAppDelegate.m in Sources */,
				EA2A9F4516174E7300266743 /* JoeMainViewController.m in Sources */,
				EA2A9F4816174E7300266743 /* JoeFlipsideViewController.m in Sources */,
			);
			runOnlyForDeploymentPostprocessing = 0;
		};
		EA2A9F4916174E7400266743 /* Sources */ = {
			isa = PBXSourcesBuildPhase;
			buildActionMask = 2147483647;
			files = (
				EA2A9F5D16174E7400266743 /* Dice3Tests.m in Sources */,
			);
			runOnlyForDeploymentPostprocessing = 0;
		};
/* End PBXSourcesBuildPhase section */

/* Begin PBXTargetDependency section */
		EA2A9F5416174E7400266743 /* PBXTargetDependency */ = {
			isa = PBXTargetDependency;
			target = EA2A9F2916174E7300266743 /* Dice3 */;
			targetProxy = EA2A9F5316174E7400266743 /* PBXContainerItemProxy */;
		};
/* End PBXTargetDependency section */

/* Begin PBXVariantGroup section */
		EA2A9F3716174E7300266743 /* InfoPlist.strings */ = {
			isa = PBXVariantGroup;
			children = (
				EA2A9F3816174E7300266743 /* en */,
			);
			name = InfoPlist.strings;
			sourceTree = "<group>";
		};
		EA2A9F4016174E7300266743 /* MainStoryboard.storyboard */ = {
			isa = PBXVariantGroup;
			children = (
				EA2A9F4116174E7300266743 /* en */,
			);
			name = MainStoryboard.storyboard;
			sourceTree = "<group>";
		};
		EA2A9F5816174E7400266743 /* InfoPlist.strings */ = {
			isa = PBXVariantGroup;
			children = (
				EA2A9F5916174E7400266743 /* en */,
			);
			name = InfoPlist.strings;
			sourceTree = "<group>";
		};
/* End PBXVariantGroup section */

/* Begin XCBuildConfiguration section */
		EA2A9F5E16174E7400266743 /* Debug */ = {
			isa = XCBuildConfiguration;
			buildSettings = {
				ALWAYS_SEARCH_USER_PATHS = NO;
				ARCHS = "$(ARCHS_STANDARD_32_BIT)";
				CLANG_CXX_LANGUAGE_STANDARD = "gnu++0x";
				CLANG_ENABLE_OBJC_ARC = YES;
				CLANG_WARN__DUPLICATE_METHOD_MATCH = YES;
				"CODE_SIGN_IDENTITY[sdk=iphoneos*]" = "iPhone Developer";
				COPY_PHASE_STRIP = NO;
				GCC_C_LANGUAGE_STANDARD = gnu99;
				GCC_DYNAMIC_NO_PIC = NO;
				GCC_OPTIMIZATION_LEVEL = 0;
				GCC_PREPROCESSOR_DEFINITIONS = (
					"DEBUG=1",
					"$(inherited)",
				);
				GCC_SYMBOLS_PRIVATE_EXTERN = NO;
				GCC_VERSION = com.apple.compilers.llvm.clang.1_0;
				GCC_WARN_ABOUT_RETURN_TYPE = YES;
				GCC_WARN_UNINITIALIZED_AUTOS = YES;
				GCC_WARN_UNUSED_VARIABLE = YES;
				IPHONEOS_DEPLOYMENT_TARGET = 5.1;
				SDKROOT = iphoneos;
			};
			name = Debug;
		};
		EA2A9F5F16174E7400266743 /* Release */ = {
			isa = XCBuildConfiguration;
			buildSettings = {
				ALWAYS_SEARCH_USER_PATHS = NO;
				ARCHS = "$(ARCHS_STANDARD_32_BIT)";
				CLANG_CXX_LANGUAGE_STANDARD = "gnu++0x";
				CLANG_ENABLE_OBJC_ARC = YES;
				CLANG_WARN__DUPLICATE_METHOD_MATCH = YES;
				"CODE_SIGN_IDENTITY[sdk=iphoneos*]" = "iPhone Developer";
				COPY_PHASE_STRIP = YES;
				GCC_C_LANGUAGE_STANDARD = gnu99;
				GCC_VERSION = com.apple.compilers.llvm.clang.1_0;
				GCC_WARN_ABOUT_RETURN_TYPE = YES;
				GCC_WARN_UNINITIALIZED_AUTOS = YES;
				GCC_WARN_UNUSED_VARIABLE = YES;
				IPHONEOS_DEPLOYMENT_TARGET = 5.1;
				OTHER_CFLAGS = "-DNS_BLOCK_ASSERTIONS=1";
				SDKROOT = iphoneos;
				VALIDATE_PRODUCT = YES;
			};
			name = Release;
		};
		EA2A9F6116174E7400266743 /* Debug */ = {
			isa = XCBuildConfiguration;
			buildSettings = {
				GCC_PRECOMPILE_PREFIX_HEADER = YES;
				GCC_PREFIX_HEADER = "Dice3/Dice3-Prefix.pch";
				INFOPLIST_FILE = "Dice3/Dice3-Info.plist";
				PRODUCT_NAME = "$(TARGET_NAME)";
				WRAPPER_EXTENSION = app;
			};
			name = Debug;
		};
		EA2A9F6216174E7400266743 /* Release */ = {
			isa = XCBuildConfiguration;
			buildSettings = {
				GCC_PRECOMPILE_PREFIX_HEADER = YES;
				GCC_PREFIX_HEADER = "Dice3/Dice3-Prefix.pch";
				INFOPLIST_FILE = "Dice3/Dice3-Info.plist";
				PRODUCT_NAME = "$(TARGET_NAME)";
				WRAPPER_EXTENSION = app;
			};
			name = Release;
		};
		EA2A9F6416174E7400266743 /* Debug */ = {
			isa = XCBuildConfiguration;
			buildSettings = {
				BUNDLE_LOADER = "$(BUILT_PRODUCTS_DIR)/Dice3.app/Dice3";
				FRAMEWORK_SEARCH_PATHS = (
					"\"$(SDKROOT)/Developer/Library/Frameworks\"",
					"\"$(DEVELOPER_LIBRARY_DIR)/Frameworks\"",
				);
				GCC_PRECOMPILE_PREFIX_HEADER = YES;
				GCC_PREFIX_HEADER = "Dice3/Dice3-Prefix.pch";
				INFOPLIST_FILE = "Dice3Tests/Dice3Tests-Info.plist";
				PRODUCT_NAME = "$(TARGET_NAME)";
				TEST_HOST = "$(BUNDLE_LOADER)";
				WRAPPER_EXTENSION = octest;
			};
			name = Debug;
		};
		EA2A9F6516174E7400266743 /* Release */ = {
			isa = XCBuildConfiguration;
			buildSettings = {
				BUNDLE_LOADER = "$(BUILT_PRODUCTS_DIR)/Dice3.app/Dice3";
				FRAMEWORK_SEARCH_PATHS = (
					"\"$(SDKROOT)/Developer/Library/Frameworks\"",
					"\"$(DEVELOPER_LIBRARY_DIR)/Frameworks\"",
				);
				GCC_PRECOMPILE_PREFIX_HEADER = YES;
				GCC_PREFIX_HEADER = "Dice3/Dice3-Prefix.pch";
				INFOPLIST_FILE = "Dice3Tests/Dice3Tests-Info.plist";
				PRODUCT_NAME = "$(TARGET_NAME)";
				TEST_HOST = "$(BUNDLE_LOADER)";
				WRAPPER_EXTENSION = octest;
			};
			name = Release;
		};
/* End XCBuildConfiguration section */

/* Begin XCConfigurationList section */
		EA2A9F2416174E7300266743 /* Build configuration list for PBXProject "Dice3" */ = {
			isa = XCConfigurationList;
			buildConfigurations = (
				EA2A9F5E16174E7400266743 /* Debug */,
				EA2A9F5F16174E7400266743 /* Release */,
			);
			defaultConfigurationIsVisible = 0;
			defaultConfigurationName = Release;
		};
		EA2A9F6016174E7400266743 /* Build configuration list for PBXNativeTarget "Dice3" */ = {
			isa = XCConfigurationList;
			buildConfigurations = (
				EA2A9F6116174E7400266743 /* Debug */,
				EA2A9F6216174E7400266743 /* Release */,
			);
			defaultConfigurationIsVisible = 0;
		};
		EA2A9F6316174E7400266743 /* Build configuration list for PBXNativeTarget "Dice3Tests" */ = {
			isa = XCConfigurationList;
			buildConfigurations = (
				EA2A9F6416174E7400266743 /* Debug */,
				EA2A9F6516174E7400266743 /* Release */,
			);
			defaultConfigurationIsVisible = 0;
		};
/* End XCConfigurationList section */
	};
	rootObject = EA2A9F2116174E7300266743 /* Project object */;
}
